
Microsoft Visual Studio Solution File, Format Version 12.00
# Visual Studio Version 17
VisualStudioVersion = 17.9.34607.119
MinimumVisualStudioVersion = 10.0.40219.1
Project("{9A19103F-16F7-4668-BE54-9A1E7A4F7556}") = "E-Commerce.WebApi", "E-Commerce.WebApi\E-Commerce.WebApi.csproj", "{C6F18C54-FC0A-4E18-9FC7-DC396DBE929F}"
EndProject
Project("{FAE04EC0-301F-11D3-BF4B-00C04F79EFBC}") = "E-Commerce.WebMVC", "E-Commerce.WebMVC\E-Commerce.WebMVC.csproj", "{ED8E6109-C5B3-4F46-8835-40EE1743073C}"
EndProject
Global
	GlobalSection(SolutionConfigurationPlatforms) = preSolution
		Debug|Any CPU = Debug|Any CPU
		Release|Any CPU = Release|Any CPU
	EndGlobalSection
	GlobalSection(ProjectConfigurationPlatforms) = postSolution
		{C6F18C54-FC0A-4E18-9FC7-DC396DBE929F}.Debug|Any CPU.ActiveCfg = Debug|Any CPU
		{C6F18C54-FC0A-4E18-9FC7-DC396DBE929F}.Debug|Any CPU.Build.0 = Debug|Any CPU
		{C6F18C54-FC0A-4E18-9FC7-DC396DBE929F}.Release|Any CPU.ActiveCfg = Release|Any CPU
		{C6F18C54-FC0A-4E18-9FC7-DC396DBE929F}.Release|Any CPU.Build.0 = Release|Any CPU
		{ED8E6109-C5B3-4F46-8835-40EE1743073C}.Debug|Any CPU.ActiveCfg = Debug|Any CPU
		{ED8E6109-C5B3-4F46-8835-40EE1743073C}.Debug|Any CPU.Build.0 = Debug|Any CPU
		{ED8E6109-C5B3-4F46-8835-40EE1743073C}.Release|Any CPU.ActiveCfg = Release|Any CPU
		{ED8E6109-C5B3-4F46-8835-40EE1743073C}.Release|Any CPU.Build.0 = Release|Any CPU
	EndGlobalSection
	GlobalSection(SolutionProperties) = preSolution
		HideSolutionNode = FALSE
	EndGlobalSection
	GlobalSection(ExtensibilityGlobals) = postSolution
		SolutionGuid = {DC2B3690-B438-4E16-9A04-7034A72E3B6B}
	EndGlobalSection
EndGlobal
